// !$*UTF8*$!
{
	archiveVersion = 1;
	classes = {
	};
	objectVersion = 56;
	objects = {

/* Begin PBXBuildFile section */
		7230DD572C08CA9500529868 /* CharactersApp.swift in Sources */ = {isa = PBXBuildFile; fileRef = 7230DD562C08CA9500529868 /* CharactersApp.swift */; };
		7230DD592C08CA9500529868 /* ContentView.swift in Sources */ = {isa = PBXBuildFile; fileRef = 7230DD582C08CA9500529868 /* ContentView.swift */; };
		7230DD5B2C08CA9600529868 /* Assets.xcassets in Resources */ = {isa = PBXBuildFile; fileRef = 7230DD5A2C08CA9600529868 /* Assets.xcassets */; };
		7230DD5E2C08CA9600529868 /* Preview Assets.xcassets in Resources */ = {isa = PBXBuildFile; fileRef = 7230DD5D2C08CA9600529868 /* Preview Assets.xcassets */; };
		7230DD682C08CA9700529868 /* CharactersTests.swift in Sources */ = {isa = PBXBuildFile; fileRef = 7230DD672C08CA9700529868 /* CharactersTests.swift */; };
		7230DD722C08CA9700529868 /* CharactersUITests.swift in Sources */ = {isa = PBXBuildFile; fileRef = 7230DD712C08CA9700529868 /* CharactersUITests.swift */; };
		7230DD742C08CA9700529868 /* CharactersUITestsLaunchTests.swift in Sources */ = {isa = PBXBuildFile; fileRef = 7230DD732C08CA9700529868 /* CharactersUITestsLaunchTests.swift */; };
		72ACE0A42C08E44D00D30027 /* NetworkManager.swift in Sources */ = {isa = PBXBuildFile; fileRef = 72ACE0A32C08E44D00D30027 /* NetworkManager.swift */; };
		72ACE0AC2C08E50E00D30027 /* Alamofire in Frameworks */ = {isa = PBXBuildFile; productRef = 72ACE0AB2C08E50E00D30027 /* Alamofire */; };
		72ACE0AF2C08E5B300D30027 /* API.swift in Sources */ = {isa = PBXBuildFile; fileRef = 72ACE0AE2C08E5B300D30027 /* API.swift */; };
		72ACE0B12C08E61E00D30027 /* CodableInit.swift in Sources */ = {isa = PBXBuildFile; fileRef = 72ACE0B02C08E61E00D30027 /* CodableInit.swift */; };
		72ACE0B32C08E80F00D30027 /* URLRequestBuilder.swift in Sources */ = {isa = PBXBuildFile; fileRef = 72ACE0B22C08E80F00D30027 /* URLRequestBuilder.swift */; };
		72ACE0B62C08E88700D30027 /* Constants.swift in Sources */ = {isa = PBXBuildFile; fileRef = 72ACE0B52C08E88700D30027 /* Constants.swift */; };
		72ACE0B82C08E9A900D30027 /* APIRequestHandler.swift in Sources */ = {isa = PBXBuildFile; fileRef = 72ACE0B72C08E9A900D30027 /* APIRequestHandler.swift */; };
		72ACE0BA2C08EA3200D30027 /* HandleAlamofireResponse.swift in Sources */ = {isa = PBXBuildFile; fileRef = 72ACE0B92C08EA3200D30027 /* HandleAlamofireResponse.swift */; };
		72ACE0BD2C08EAD300D30027 /* Response.swift in Sources */ = {isa = PBXBuildFile; fileRef = 72ACE0BC2C08EAD300D30027 /* Response.swift */; };
		72ACE0BF2C08EF5200D30027 /* CustomError.swift in Sources */ = {isa = PBXBuildFile; fileRef = 72ACE0BE2C08EF5200D30027 /* CustomError.swift */; };
		72ACE0C22C08F01400D30027 /* APIRouter.swift in Sources */ = {isa = PBXBuildFile; fileRef = 72ACE0C12C08F01400D30027 /* APIRouter.swift */; };
		72ACE0C42C08F09F00D30027 /* CharactersRouter.swift in Sources */ = {isa = PBXBuildFile; fileRef = 72ACE0C32C08F09F00D30027 /* CharactersRouter.swift */; };
		72ACE0C72C08F17500D30027 /* MockAPI.swift in Sources */ = {isa = PBXBuildFile; fileRef = 72ACE0C62C08F17500D30027 /* MockAPI.swift */; };
/* End PBXBuildFile section */

/* Begin PBXContainerItemProxy section */
		7230DD642C08CA9700529868 /* PBXContainerItemProxy */ = {
			isa = PBXContainerItemProxy;
			containerPortal = 7230DD4B2C08CA9500529868 /* Project object */;
			proxyType = 1;
			remoteGlobalIDString = 7230DD522C08CA9500529868;
			remoteInfo = Characters;
		};
		7230DD6E2C08CA9700529868 /* PBXContainerItemProxy */ = {
			isa = PBXContainerItemProxy;
			containerPortal = 7230DD4B2C08CA9500529868 /* Project object */;
			proxyType = 1;
			remoteGlobalIDString = 7230DD522C08CA9500529868;
			remoteInfo = Characters;
		};
/* End PBXContainerItemProxy section */

/* Begin PBXFileReference section */
		7230DD532C08CA9500529868 /* Characters.app */ = {isa = PBXFileReference; explicitFileType = wrapper.application; includeInIndex = 0; path = Characters.app; sourceTree = BUILT_PRODUCTS_DIR; };
		7230DD562C08CA9500529868 /* CharactersApp.swift */ = {isa = PBXFileReference; lastKnownFileType = sourcecode.swift; path = CharactersApp.swift; sourceTree = "<group>"; };
		7230DD582C08CA9500529868 /* ContentView.swift */ = {isa = PBXFileReference; lastKnownFileType = sourcecode.swift; path = ContentView.swift; sourceTree = "<group>"; };
		7230DD5A2C08CA9600529868 /* Assets.xcassets */ = {isa = PBXFileReference; lastKnownFileType = folder.assetcatalog; path = Assets.xcassets; sourceTree = "<group>"; };
		7230DD5D2C08CA9600529868 /* Preview Assets.xcassets */ = {isa = PBXFileReference; lastKnownFileType = folder.assetcatalog; path = "Preview Assets.xcassets"; sourceTree = "<group>"; };
		7230DD632C08CA9700529868 /* CharactersTests.xctest */ = {isa = PBXFileReference; explicitFileType = wrapper.cfbundle; includeInIndex = 0; path = CharactersTests.xctest; sourceTree = BUILT_PRODUCTS_DIR; };
		7230DD672C08CA9700529868 /* CharactersTests.swift */ = {isa = PBXFileReference; lastKnownFileType = sourcecode.swift; path = CharactersTests.swift; sourceTree = "<group>"; };
		7230DD6D2C08CA9700529868 /* CharactersUITests.xctest */ = {isa = PBXFileReference; explicitFileType = wrapper.cfbundle; includeInIndex = 0; path = CharactersUITests.xctest; sourceTree = BUILT_PRODUCTS_DIR; };
		7230DD712C08CA9700529868 /* CharactersUITests.swift */ = {isa = PBXFileReference; lastKnownFileType = sourcecode.swift; path = CharactersUITests.swift; sourceTree = "<group>"; };
		7230DD732C08CA9700529868 /* CharactersUITestsLaunchTests.swift */ = {isa = PBXFileReference; lastKnownFileType = sourcecode.swift; path = CharactersUITestsLaunchTests.swift; sourceTree = "<group>"; };
		72ACE0A32C08E44D00D30027 /* NetworkManager.swift */ = {isa = PBXFileReference; lastKnownFileType = sourcecode.swift; path = NetworkManager.swift; sourceTree = "<group>"; };
		72ACE0AE2C08E5B300D30027 /* API.swift */ = {isa = PBXFileReference; lastKnownFileType = sourcecode.swift; path = API.swift; sourceTree = "<group>"; };
		72ACE0B02C08E61E00D30027 /* CodableInit.swift */ = {isa = PBXFileReference; lastKnownFileType = sourcecode.swift; path = CodableInit.swift; sourceTree = "<group>"; };
		72ACE0B22C08E80F00D30027 /* URLRequestBuilder.swift */ = {isa = PBXFileReference; lastKnownFileType = sourcecode.swift; path = URLRequestBuilder.swift; sourceTree = "<group>"; };
		72ACE0B52C08E88700D30027 /* Constants.swift */ = {isa = PBXFileReference; lastKnownFileType = sourcecode.swift; path = Constants.swift; sourceTree = "<group>"; };
		72ACE0B72C08E9A900D30027 /* APIRequestHandler.swift */ = {isa = PBXFileReference; lastKnownFileType = sourcecode.swift; path = APIRequestHandler.swift; sourceTree = "<group>"; };
		72ACE0B92C08EA3200D30027 /* HandleAlamofireResponse.swift */ = {isa = PBXFileReference; lastKnownFileType = sourcecode.swift; path = HandleAlamofireResponse.swift; sourceTree = "<group>"; };
		72ACE0BC2C08EAD300D30027 /* Response.swift */ = {isa = PBXFileReference; lastKnownFileType = sourcecode.swift; path = Response.swift; sourceTree = "<group>"; };
		72ACE0BE2C08EF5200D30027 /* CustomError.swift */ = {isa = PBXFileReference; lastKnownFileType = sourcecode.swift; path = CustomError.swift; sourceTree = "<group>"; };
		72ACE0C12C08F01400D30027 /* APIRouter.swift */ = {isa = PBXFileReference; lastKnownFileType = sourcecode.swift; path = APIRouter.swift; sourceTree = "<group>"; };
		72ACE0C32C08F09F00D30027 /* CharactersRouter.swift */ = {isa = PBXFileReference; lastKnownFileType = sourcecode.swift; path = CharactersRouter.swift; sourceTree = "<group>"; };
		72ACE0C62C08F17500D30027 /* MockAPI.swift */ = {isa = PBXFileReference; lastKnownFileType = sourcecode.swift; path = MockAPI.swift; sourceTree = "<group>"; };
/* End PBXFileReference section */

/* Begin PBXFrameworksBuildPhase section */
		7230DD502C08CA9500529868 /* Frameworks */ = {
			isa = PBXFrameworksBuildPhase;
			buildActionMask = 2147483647;
			files = (
				72ACE0AC2C08E50E00D30027 /* Alamofire in Frameworks */,
			);
			runOnlyForDeploymentPostprocessing = 0;
		};
		7230DD602C08CA9700529868 /* Frameworks */ = {
			isa = PBXFrameworksBuildPhase;
			buildActionMask = 2147483647;
			files = (
			);
			runOnlyForDeploymentPostprocessing = 0;
		};
		7230DD6A2C08CA9700529868 /* Frameworks */ = {
			isa = PBXFrameworksBuildPhase;
			buildActionMask = 2147483647;
			files = (
			);
			runOnlyForDeploymentPostprocessing = 0;
		};
/* End PBXFrameworksBuildPhase section */

/* Begin PBXGroup section */
		7230DD4A2C08CA9500529868 = {
			isa = PBXGroup;
			children = (
				7230DD552C08CA9500529868 /* Characters */,
				7230DD662C08CA9700529868 /* CharactersTests */,
				7230DD702C08CA9700529868 /* CharactersUITests */,
				7230DD542C08CA9500529868 /* Products */,
			);
			sourceTree = "<group>";
		};
		7230DD542C08CA9500529868 /* Products */ = {
			isa = PBXGroup;
			children = (
				7230DD532C08CA9500529868 /* Characters.app */,
				7230DD632C08CA9700529868 /* CharactersTests.xctest */,
				7230DD6D2C08CA9700529868 /* CharactersUITests.xctest */,
			);
			name = Products;
			sourceTree = "<group>";
		};
		7230DD552C08CA9500529868 /* Characters */ = {
			isa = PBXGroup;
			children = (
				7230DD562C08CA9500529868 /* CharactersApp.swift */,
				7230DD582C08CA9500529868 /* ContentView.swift */,
				7230DD5A2C08CA9600529868 /* Assets.xcassets */,
				72ACE0B42C08E87600D30027 /* Helpers */,
				72ACE0A22C08E43F00D30027 /* Networking */,
				7230DD5C2C08CA9600529868 /* Preview Content */,
			);
			path = Characters;
			sourceTree = "<group>";
		};
		7230DD5C2C08CA9600529868 /* Preview Content */ = {
			isa = PBXGroup;
			children = (
				7230DD5D2C08CA9600529868 /* Preview Assets.xcassets */,
			);
			path = "Preview Content";
			sourceTree = "<group>";
		};
		7230DD662C08CA9700529868 /* CharactersTests */ = {
			isa = PBXGroup;
			children = (
				7230DD672C08CA9700529868 /* CharactersTests.swift */,
			);
			path = CharactersTests;
			sourceTree = "<group>";
		};
		7230DD702C08CA9700529868 /* CharactersUITests */ = {
			isa = PBXGroup;
			children = (
				7230DD712C08CA9700529868 /* CharactersUITests.swift */,
				7230DD732C08CA9700529868 /* CharactersUITestsLaunchTests.swift */,
			);
			path = CharactersUITests;
			sourceTree = "<group>";
		};
		72ACE0A22C08E43F00D30027 /* Networking */ = {
			isa = PBXGroup;
			children = (
				72ACE0A32C08E44D00D30027 /* NetworkManager.swift */,
				72ACE0AD2C08E59F00D30027 /* Protocols */,
				72ACE0BB2C08EAB700D30027 /* Response Handling */,
				72ACE0C02C08F00300D30027 /* Routers */,
				72ACE0C52C08F16300D30027 /* Mock API */,
			);
			path = Networking;
			sourceTree = "<group>";
		};
		72ACE0AD2C08E59F00D30027 /* Protocols */ = {
			isa = PBXGroup;
			children = (
				72ACE0AE2C08E5B300D30027 /* API.swift */,
				72ACE0B02C08E61E00D30027 /* CodableInit.swift */,
				72ACE0B22C08E80F00D30027 /* URLRequestBuilder.swift */,
				72ACE0B72C08E9A900D30027 /* APIRequestHandler.swift */,
				72ACE0B92C08EA3200D30027 /* HandleAlamofireResponse.swift */,
			);
			path = Protocols;
			sourceTree = "<group>";
		};
		72ACE0B42C08E87600D30027 /* Helpers */ = {
			isa = PBXGroup;
			children = (
				72ACE0B52C08E88700D30027 /* Constants.swift */,
			);
			path = Helpers;
			sourceTree = "<group>";
		};
		72ACE0BB2C08EAB700D30027 /* Response Handling */ = {
			isa = PBXGroup;
			children = (
				72ACE0BC2C08EAD300D30027 /* Response.swift */,
				72ACE0BE2C08EF5200D30027 /* CustomError.swift */,
			);
			path = "Response Handling";
			sourceTree = "<group>";
		};
		72ACE0C02C08F00300D30027 /* Routers */ = {
			isa = PBXGroup;
			children = (
				72ACE0C12C08F01400D30027 /* APIRouter.swift */,
				72ACE0C32C08F09F00D30027 /* CharactersRouter.swift */,
			);
			path = Routers;
			sourceTree = "<group>";
		};
		72ACE0C52C08F16300D30027 /* Mock API */ = {
			isa = PBXGroup;
			children = (
				72ACE0C62C08F17500D30027 /* MockAPI.swift */,
			);
			path = "Mock API";
			sourceTree = "<group>";
		};
/* End PBXGroup section */

/* Begin PBXNativeTarget section */
		7230DD522C08CA9500529868 /* Characters */ = {
			isa = PBXNativeTarget;
			buildConfigurationList = 7230DD772C08CA9700529868 /* Build configuration list for PBXNativeTarget "Characters" */;
			buildPhases = (
				7230DD4F2C08CA9500529868 /* Sources */,
				7230DD502C08CA9500529868 /* Frameworks */,
				7230DD512C08CA9500529868 /* Resources */,
			);
			buildRules = (
			);
			dependencies = (
			);
			name = Characters;
			packageProductDependencies = (
				72ACE0AB2C08E50E00D30027 /* Alamofire */,
			);
			productName = Characters;
			productReference = 7230DD532C08CA9500529868 /* Characters.app */;
			productType = "com.apple.product-type.application";
		};
		7230DD622C08CA9700529868 /* CharactersTests */ = {
			isa = PBXNativeTarget;
			buildConfigurationList = 7230DD7A2C08CA9700529868 /* Build configuration list for PBXNativeTarget "CharactersTests" */;
			buildPhases = (
				7230DD5F2C08CA9700529868 /* Sources */,
				7230DD602C08CA9700529868 /* Frameworks */,
				7230DD612C08CA9700529868 /* Resources */,
			);
			buildRules = (
			);
			dependencies = (
				7230DD652C08CA9700529868 /* PBXTargetDependency */,
			);
			name = CharactersTests;
			productName = CharactersTests;
			productReference = 7230DD632C08CA9700529868 /* CharactersTests.xctest */;
			productType = "com.apple.product-type.bundle.unit-test";
		};
		7230DD6C2C08CA9700529868 /* CharactersUITests */ = {
			isa = PBXNativeTarget;
			buildConfigurationList = 7230DD7D2C08CA9700529868 /* Build configuration list for PBXNativeTarget "CharactersUITests" */;
			buildPhases = (
				7230DD692C08CA9700529868 /* Sources */,
				7230DD6A2C08CA9700529868 /* Frameworks */,
				7230DD6B2C08CA9700529868 /* Resources */,
			);
			buildRules = (
			);
			dependencies = (
				7230DD6F2C08CA9700529868 /* PBXTargetDependency */,
			);
			name = CharactersUITests;
			productName = CharactersUITests;
			productReference = 7230DD6D2C08CA9700529868 /* CharactersUITests.xctest */;
			productType = "com.apple.product-type.bundle.ui-testing";
		};
/* End PBXNativeTarget section */

/* Begin PBXProject section */
		7230DD4B2C08CA9500529868 /* Project object */ = {
			isa = PBXProject;
			attributes = {
				BuildIndependentTargetsInParallel = 1;
				LastSwiftUpdateCheck = 1540;
				LastUpgradeCheck = 1540;
				TargetAttributes = {
					7230DD522C08CA9500529868 = {
						CreatedOnToolsVersion = 15.4;
					};
					7230DD622C08CA9700529868 = {
						CreatedOnToolsVersion = 15.4;
						TestTargetID = 7230DD522C08CA9500529868;
					};
					7230DD6C2C08CA9700529868 = {
						CreatedOnToolsVersion = 15.4;
						TestTargetID = 7230DD522C08CA9500529868;
					};
				};
			};
			buildConfigurationList = 7230DD4E2C08CA9500529868 /* Build configuration list for PBXProject "Characters" */;
			compatibilityVersion = "Xcode 14.0";
			developmentRegion = en;
			hasScannedForEncodings = 0;
			knownRegions = (
				en,
				Base,
			);
			mainGroup = 7230DD4A2C08CA9500529868;
			packageReferences = (
				72ACE0AA2C08E50E00D30027 /* XCRemoteSwiftPackageReference "Alamofire" */,
			);
			productRefGroup = 7230DD542C08CA9500529868 /* Products */;
			projectDirPath = "";
			projectRoot = "";
			targets = (
				7230DD522C08CA9500529868 /* Characters */,
				7230DD622C08CA9700529868 /* CharactersTests */,
				7230DD6C2C08CA9700529868 /* CharactersUITests */,
			);
		};
/* End PBXProject section */

/* Begin PBXResourcesBuildPhase section */
		7230DD512C08CA9500529868 /* Resources */ = {
			isa = PBXResourcesBuildPhase;
			buildActionMask = 2147483647;
			files = (
				7230DD5E2C08CA9600529868 /* Preview Assets.xcassets in Resources */,
				7230DD5B2C08CA9600529868 /* Assets.xcassets in Resources */,
			);
			runOnlyForDeploymentPostprocessing = 0;
		};
		7230DD612C08CA9700529868 /* Resources */ = {
			isa = PBXResourcesBuildPhase;
			buildActionMask = 2147483647;
			files = (
			);
			runOnlyForDeploymentPostprocessing = 0;
		};
		7230DD6B2C08CA9700529868 /* Resources */ = {
			isa = PBXResourcesBuildPhase;
			buildActionMask = 2147483647;
			files = (
			);
			runOnlyForDeploymentPostprocessing = 0;
		};
/* End PBXResourcesBuildPhase section */

/* Begin PBXSourcesBuildPhase section */
		7230DD4F2C08CA9500529868 /* Sources */ = {
			isa = PBXSourcesBuildPhase;
			buildActionMask = 2147483647;
			files = (
				72ACE0A42C08E44D00D30027 /* NetworkManager.swift in Sources */,
				72ACE0C22C08F01400D30027 /* APIRouter.swift in Sources */,
				72ACE0B12C08E61E00D30027 /* CodableInit.swift in Sources */,
				7230DD592C08CA9500529868 /* ContentView.swift in Sources */,
				72ACE0B82C08E9A900D30027 /* APIRequestHandler.swift in Sources */,
				72ACE0BD2C08EAD300D30027 /* Response.swift in Sources */,
				72ACE0AF2C08E5B300D30027 /* API.swift in Sources */,
				72ACE0B62C08E88700D30027 /* Constants.swift in Sources */,
				72ACE0BF2C08EF5200D30027 /* CustomError.swift in Sources */,
				7230DD572C08CA9500529868 /* CharactersApp.swift in Sources */,
				72ACE0C72C08F17500D30027 /* MockAPI.swift in Sources */,
				72ACE0C42C08F09F00D30027 /* CharactersRouter.swift in Sources */,
				72ACE0B32C08E80F00D30027 /* URLRequestBuilder.swift in Sources */,
				72ACE0BA2C08EA3200D30027 /* HandleAlamofireResponse.swift in Sources */,
			);
			runOnlyForDeploymentPostprocessing = 0;
		};
		7230DD5F2C08CA9700529868 /* Sources */ = {
			isa = PBXSourcesBuildPhase;
			buildActionMask = 2147483647;
			files = (
				7230DD682C08CA9700529868 /* CharactersTests.swift in Sources */,
			);
			runOnlyForDeploymentPostprocessing = 0;
		};
		7230DD692C08CA9700529868 /* Sources */ = {
			isa = PBXSourcesBuildPhase;
			buildActionMask = 2147483647;
			files = (
				7230DD742C08CA9700529868 /* CharactersUITestsLaunchTests.swift in Sources */,
				7230DD722C08CA9700529868 /* CharactersUITests.swift in Sources */,
			);
			runOnlyForDeploymentPostprocessing = 0;
		};
/* End PBXSourcesBuildPhase section */

/* Begin PBXTargetDependency section */
		7230DD652C08CA9700529868 /* PBXTargetDependency */ = {
			isa = PBXTargetDependency;
			target = 7230DD522C08CA9500529868 /* Characters */;
			targetProxy = 7230DD642C08CA9700529868 /* PBXContainerItemProxy */;
		};
		7230DD6F2C08CA9700529868 /* PBXTargetDependency */ = {
			isa = PBXTargetDependency;
			target = 7230DD522C08CA9500529868 /* Characters */;
			targetProxy = 7230DD6E2C08CA9700529868 /* PBXContainerItemProxy */;
		};
/* End PBXTargetDependency section */

/* Begin XCBuildConfiguration section */
		7230DD752C08CA9700529868 /* Debug */ = {
			isa = XCBuildConfiguration;
			buildSettings = {
				ALWAYS_SEARCH_USER_PATHS = NO;
				ASSETCATALOG_COMPILER_GENERATE_SWIFT_ASSET_SYMBOL_EXTENSIONS = YES;
				CLANG_ANALYZER_NONNULL = YES;
				CLANG_ANALYZER_NUMBER_OBJECT_CONVERSION = YES_AGGRESSIVE;
				CLANG_CXX_LANGUAGE_STANDARD = "gnu++20";
				CLANG_ENABLE_MODULES = YES;
				CLANG_ENABLE_OBJC_ARC = YES;
				CLANG_ENABLE_OBJC_WEAK = YES;
				CLANG_WARN_BLOCK_CAPTURE_AUTORELEASING = YES;
				CLANG_WARN_BOOL_CONVERSION = YES;
				CLANG_WARN_COMMA = YES;
				CLANG_WARN_CONSTANT_CONVERSION = YES;
				CLANG_WARN_DEPRECATED_OBJC_IMPLEMENTATIONS = YES;
				CLANG_WARN_DIRECT_OBJC_ISA_USAGE = YES_ERROR;
				CLANG_WARN_DOCUMENTATION_COMMENTS = YES;
				CLANG_WARN_EMPTY_BODY = YES;
				CLANG_WARN_ENUM_CONVERSION = YES;
				CLANG_WARN_INFINITE_RECURSION = YES;
				CLANG_WARN_INT_CONVERSION = YES;
				CLANG_WARN_NON_LITERAL_NULL_CONVERSION = YES;
				CLANG_WARN_OBJC_IMPLICIT_RETAIN_SELF = YES;
				CLANG_WARN_OBJC_LITERAL_CONVERSION = YES;
				CLANG_WARN_OBJC_ROOT_CLASS = YES_ERROR;
				CLANG_WARN_QUOTED_INCLUDE_IN_FRAMEWORK_HEADER = YES;
				CLANG_WARN_RANGE_LOOP_ANALYSIS = YES;
				CLANG_WARN_STRICT_PROTOTYPES = YES;
				CLANG_WARN_SUSPICIOUS_MOVE = YES;
				CLANG_WARN_UNGUARDED_AVAILABILITY = YES_AGGRESSIVE;
				CLANG_WARN_UNREACHABLE_CODE = YES;
				CLANG_WARN__DUPLICATE_METHOD_MATCH = YES;
				COPY_PHASE_STRIP = NO;
				DEBUG_INFORMATION_FORMAT = dwarf;
				ENABLE_STRICT_OBJC_MSGSEND = YES;
				ENABLE_TESTABILITY = YES;
				ENABLE_USER_SCRIPT_SANDBOXING = YES;
				GCC_C_LANGUAGE_STANDARD = gnu17;
				GCC_DYNAMIC_NO_PIC = NO;
				GCC_NO_COMMON_BLOCKS = YES;
				GCC_OPTIMIZATION_LEVEL = 0;
				GCC_PREPROCESSOR_DEFINITIONS = (
					"DEBUG=1",
					"$(inherited)",
				);
				GCC_WARN_64_TO_32_BIT_CONVERSION = YES;
				GCC_WARN_ABOUT_RETURN_TYPE = YES_ERROR;
				GCC_WARN_UNDECLARED_SELECTOR = YES;
				GCC_WARN_UNINITIALIZED_AUTOS = YES_AGGRESSIVE;
				GCC_WARN_UNUSED_FUNCTION = YES;
				GCC_WARN_UNUSED_VARIABLE = YES;
				IPHONEOS_DEPLOYMENT_TARGET = 17.5;
				LOCALIZATION_PREFERS_STRING_CATALOGS = YES;
				MTL_ENABLE_DEBUG_INFO = INCLUDE_SOURCE;
				MTL_FAST_MATH = YES;
				ONLY_ACTIVE_ARCH = YES;
				SDKROOT = iphoneos;
				SWIFT_ACTIVE_COMPILATION_CONDITIONS = "DEBUG $(inherited)";
				SWIFT_OPTIMIZATION_LEVEL = "-Onone";
			};
			name = Debug;
		};
		7230DD762C08CA9700529868 /* Release */ = {
			isa = XCBuildConfiguration;
			buildSettings = {
				ALWAYS_SEARCH_USER_PATHS = NO;
				ASSETCATALOG_COMPILER_GENERATE_SWIFT_ASSET_SYMBOL_EXTENSIONS = YES;
				CLANG_ANALYZER_NONNULL = YES;
				CLANG_ANALYZER_NUMBER_OBJECT_CONVERSION = YES_AGGRESSIVE;
				CLANG_CXX_LANGUAGE_STANDARD = "gnu++20";
				CLANG_ENABLE_MODULES = YES;
				CLANG_ENABLE_OBJC_ARC = YES;
				CLANG_ENABLE_OBJC_WEAK = YES;
				CLANG_WARN_BLOCK_CAPTURE_AUTORELEASING = YES;
				CLANG_WARN_BOOL_CONVERSION = YES;
				CLANG_WARN_COMMA = YES;
				CLANG_WARN_CONSTANT_CONVERSION = YES;
				CLANG_WARN_DEPRECATED_OBJC_IMPLEMENTATIONS = YES;
				CLANG_WARN_DIRECT_OBJC_ISA_USAGE = YES_ERROR;
				CLANG_WARN_DOCUMENTATION_COMMENTS = YES;
				CLANG_WARN_EMPTY_BODY = YES;
				CLANG_WARN_ENUM_CONVERSION = YES;
				CLANG_WARN_INFINITE_RECURSION = YES;
				CLANG_WARN_INT_CONVERSION = YES;
				CLANG_WARN_NON_LITERAL_NULL_CONVERSION = YES;
				CLANG_WARN_OBJC_IMPLICIT_RETAIN_SELF = YES;
				CLANG_WARN_OBJC_LITERAL_CONVERSION = YES;
				CLANG_WARN_OBJC_ROOT_CLASS = YES_ERROR;
				CLANG_WARN_QUOTED_INCLUDE_IN_FRAMEWORK_HEADER = YES;
				CLANG_WARN_RANGE_LOOP_ANALYSIS = YES;
				CLANG_WARN_STRICT_PROTOTYPES = YES;
				CLANG_WARN_SUSPICIOUS_MOVE = YES;
				CLANG_WARN_UNGUARDED_AVAILABILITY = YES_AGGRESSIVE;
				CLANG_WARN_UNREACHABLE_CODE = YES;
				CLANG_WARN__DUPLICATE_METHOD_MATCH = YES;
				COPY_PHASE_STRIP = NO;
				DEBUG_INFORMATION_FORMAT = "dwarf-with-dsym";
				ENABLE_NS_ASSERTIONS = NO;
				ENABLE_STRICT_OBJC_MSGSEND = YES;
				ENABLE_USER_SCRIPT_SANDBOXING = YES;
				GCC_C_LANGUAGE_STANDARD = gnu17;
				GCC_NO_COMMON_BLOCKS = YES;
				GCC_WARN_64_TO_32_BIT_CONVERSION = YES;
				GCC_WARN_ABOUT_RETURN_TYPE = YES_ERROR;
				GCC_WARN_UNDECLARED_SELECTOR = YES;
				GCC_WARN_UNINITIALIZED_AUTOS = YES_AGGRESSIVE;
				GCC_WARN_UNUSED_FUNCTION = YES;
				GCC_WARN_UNUSED_VARIABLE = YES;
				IPHONEOS_DEPLOYMENT_TARGET = 17.5;
				LOCALIZATION_PREFERS_STRING_CATALOGS = YES;
				MTL_ENABLE_DEBUG_INFO = NO;
				MTL_FAST_MATH = YES;
				SDKROOT = iphoneos;
				SWIFT_COMPILATION_MODE = wholemodule;
				VALIDATE_PRODUCT = YES;
			};
			name = Release;
		};
		7230DD782C08CA9700529868 /* Debug */ = {
			isa = XCBuildConfiguration;
			buildSettings = {
				ASSETCATALOG_COMPILER_APPICON_NAME = AppIcon;
				ASSETCATALOG_COMPILER_GLOBAL_ACCENT_COLOR_NAME = AccentColor;
				CODE_SIGN_STYLE = Automatic;
				CURRENT_PROJECT_VERSION = 1;
				DEVELOPMENT_ASSET_PATHS = "\"Characters/Preview Content\"";
				DEVELOPMENT_TEAM = 84G5QLRWPP;
				ENABLE_PREVIEWS = YES;
				GENERATE_INFOPLIST_FILE = YES;
				INFOPLIST_KEY_UIApplicationSceneManifest_Generation = YES;
				INFOPLIST_KEY_UIApplicationSupportsIndirectInputEvents = YES;
				INFOPLIST_KEY_UILaunchScreen_Generation = YES;
				INFOPLIST_KEY_UISupportedInterfaceOrientations_iPad = "UIInterfaceOrientationPortrait UIInterfaceOrientationPortraitUpsideDown UIInterfaceOrientationLandscapeLeft UIInterfaceOrientationLandscapeRight";
				INFOPLIST_KEY_UISupportedInterfaceOrientations_iPhone = "UIInterfaceOrientationPortrait UIInterfaceOrientationLandscapeLeft UIInterfaceOrientationLandscapeRight";
				IPHONEOS_DEPLOYMENT_TARGET = 17.0;
				LD_RUNPATH_SEARCH_PATHS = (
					"$(inherited)",
					"@executable_path/Frameworks",
				);
				MARKETING_VERSION = 1.0;
				PRODUCT_BUNDLE_IDENTIFIER = com.farid.Characters;
				PRODUCT_NAME = "$(TARGET_NAME)";
				SWIFT_EMIT_LOC_STRINGS = YES;
				SWIFT_VERSION = 5.0;
				TARGETED_DEVICE_FAMILY = "1,2";
			};
			name = Debug;
		};
		7230DD792C08CA9700529868 /* Release */ = {
			isa = XCBuildConfiguration;
			buildSettings = {
				ASSETCATALOG_COMPILER_APPICON_NAME = AppIcon;
				ASSETCATALOG_COMPILER_GLOBAL_ACCENT_COLOR_NAME = AccentColor;
				CODE_SIGN_STYLE = Automatic;
				CURRENT_PROJECT_VERSION = 1;
				DEVELOPMENT_ASSET_PATHS = "\"Characters/Preview Content\"";
				DEVELOPMENT_TEAM = 84G5QLRWPP;
				ENABLE_PREVIEWS = YES;
				GENERATE_INFOPLIST_FILE = YES;
				INFOPLIST_KEY_UIApplicationSceneManifest_Generation = YES;
				INFOPLIST_KEY_UIApplicationSupportsIndirectInputEvents = YES;
				INFOPLIST_KEY_UILaunchScreen_Generation = YES;
				INFOPLIST_KEY_UISupportedInterfaceOrientations_iPad = "UIInterfaceOrientationPortrait UIInterfaceOrientationPortraitUpsideDown UIInterfaceOrientationLandscapeLeft UIInterfaceOrientationLandscapeRight";
				INFOPLIST_KEY_UISupportedInterfaceOrientations_iPhone = "UIInterfaceOrientationPortrait UIInterfaceOrientationLandscapeLeft UIInterfaceOrientationLandscapeRight";
				IPHONEOS_DEPLOYMENT_TARGET = 17.0;
				LD_RUNPATH_SEARCH_PATHS = (
					"$(inherited)",
					"@executable_path/Frameworks",
				);
				MARKETING_VERSION = 1.0;
				PRODUCT_BUNDLE_IDENTIFIER = com.farid.Characters;
				PRODUCT_NAME = "$(TARGET_NAME)";
				SWIFT_EMIT_LOC_STRINGS = YES;
				SWIFT_VERSION = 5.0;
				TARGETED_DEVICE_FAMILY = "1,2";
			};
			name = Release;
		};
		7230DD7B2C08CA9700529868 /* Debug */ = {
			isa = XCBuildConfiguration;
			buildSettings = {
				ALWAYS_EMBED_SWIFT_STANDARD_LIBRARIES = YES;
				BUNDLE_LOADER = "$(TEST_HOST)";
				CODE_SIGN_STYLE = Automatic;
				CURRENT_PROJECT_VERSION = 1;
				DEVELOPMENT_TEAM = 84G5QLRWPP;
				GENERATE_INFOPLIST_FILE = YES;
				IPHONEOS_DEPLOYMENT_TARGET = 17.0;
				MARKETING_VERSION = 1.0;
				PRODUCT_BUNDLE_IDENTIFIER = com.farid.CharactersTests;
				PRODUCT_NAME = "$(TARGET_NAME)";
				SWIFT_EMIT_LOC_STRINGS = NO;
				SWIFT_VERSION = 5.0;
				TARGETED_DEVICE_FAMILY = "1,2";
				TEST_HOST = "$(BUILT_PRODUCTS_DIR)/Characters.app/$(BUNDLE_EXECUTABLE_FOLDER_PATH)/Characters";
			};
			name = Debug;
		};
		7230DD7C2C08CA9700529868 /* Release */ = {
			isa = XCBuildConfiguration;
			buildSettings = {
				ALWAYS_EMBED_SWIFT_STANDARD_LIBRARIES = YES;
				BUNDLE_LOADER = "$(TEST_HOST)";
				CODE_SIGN_STYLE = Automatic;
				CURRENT_PROJECT_VERSION = 1;
				DEVELOPMENT_TEAM = 84G5QLRWPP;
				GENERATE_INFOPLIST_FILE = YES;
				IPHONEOS_DEPLOYMENT_TARGET = 17.0;
				MARKETING_VERSION = 1.0;
				PRODUCT_BUNDLE_IDENTIFIER = com.farid.CharactersTests;
				PRODUCT_NAME = "$(TARGET_NAME)";
				SWIFT_EMIT_LOC_STRINGS = NO;
				SWIFT_VERSION = 5.0;
				TARGETED_DEVICE_FAMILY = "1,2";
				TEST_HOST = "$(BUILT_PRODUCTS_DIR)/Characters.app/$(BUNDLE_EXECUTABLE_FOLDER_PATH)/Characters";
			};
			name = Release;
		};
		7230DD7E2C08CA9700529868 /* Debug */ = {
			isa = XCBuildConfiguration;
			buildSettings = {
				ALWAYS_EMBED_SWIFT_STANDARD_LIBRARIES = YES;
				CODE_SIGN_STYLE = Automatic;
				CURRENT_PROJECT_VERSION = 1;
				DEVELOPMENT_TEAM = 84G5QLRWPP;
				GENERATE_INFOPLIST_FILE = YES;
				IPHONEOS_DEPLOYMENT_TARGET = 17.0;
				MARKETING_VERSION = 1.0;
				PRODUCT_BUNDLE_IDENTIFIER = com.farid.CharactersUITests;
				PRODUCT_NAME = "$(TARGET_NAME)";
				SWIFT_EMIT_LOC_STRINGS = NO;
				SWIFT_VERSION = 5.0;
				TARGETED_DEVICE_FAMILY = "1,2";
				TEST_TARGET_NAME = Characters;
			};
			name = Debug;
		};
		7230DD7F2C08CA9700529868 /* Release */ = {
			isa = XCBuildConfiguration;
			buildSettings = {
				ALWAYS_EMBED_SWIFT_STANDARD_LIBRARIES = YES;
				CODE_SIGN_STYLE = Automatic;
				CURRENT_PROJECT_VERSION = 1;
				DEVELOPMENT_TEAM = 84G5QLRWPP;
				GENERATE_INFOPLIST_FILE = YES;
				IPHONEOS_DEPLOYMENT_TARGET = 17.0;
				MARKETING_VERSION = 1.0;
				PRODUCT_BUNDLE_IDENTIFIER = com.farid.CharactersUITests;
				PRODUCT_NAME = "$(TARGET_NAME)";
				SWIFT_EMIT_LOC_STRINGS = NO;
				SWIFT_VERSION = 5.0;
				TARGETED_DEVICE_FAMILY = "1,2";
				TEST_TARGET_NAME = Characters;
			};
			name = Release;
		};
/* End XCBuildConfiguration section */

/* Begin XCConfigurationList section */
		7230DD4E2C08CA9500529868 /* Build configuration list for PBXProject "Characters" */ = {
			isa = XCConfigurationList;
			buildConfigurations = (
				7230DD752C08CA9700529868 /* Debug */,
				7230DD762C08CA9700529868 /* Release */,
			);
			defaultConfigurationIsVisible = 0;
			defaultConfigurationName = Release;
		};
		7230DD772C08CA9700529868 /* Build configuration list for PBXNativeTarget "Characters" */ = {
			isa = XCConfigurationList;
			buildConfigurations = (
				7230DD782C08CA9700529868 /* Debug */,
				7230DD792C08CA9700529868 /* Release */,
			);
			defaultConfigurationIsVisible = 0;
			defaultConfigurationName = Release;
		};
		7230DD7A2C08CA9700529868 /* Build configuration list for PBXNativeTarget "CharactersTests" */ = {
			isa = XCConfigurationList;
			buildConfigurations = (
				7230DD7B2C08CA9700529868 /* Debug */,
				7230DD7C2C08CA9700529868 /* Release */,
			);
			defaultConfigurationIsVisible = 0;
			defaultConfigurationName = Release;
		};
		7230DD7D2C08CA9700529868 /* Build configuration list for PBXNativeTarget "CharactersUITests" */ = {
			isa = XCConfigurationList;
			buildConfigurations = (
				7230DD7E2C08CA9700529868 /* Debug */,
				7230DD7F2C08CA9700529868 /* Release */,
			);
			defaultConfigurationIsVisible = 0;
			defaultConfigurationName = Release;
		};
/* End XCConfigurationList section */

/* Begin XCRemoteSwiftPackageReference section */
		72ACE0AA2C08E50E00D30027 /* XCRemoteSwiftPackageReference "Alamofire" */ = {
			isa = XCRemoteSwiftPackageReference;
			repositoryURL = "https://github.com/Alamofire/Alamofire.git";
			requirement = {
				kind = upToNextMajorVersion;
				minimumVersion = 5.9.1;
			};
		};
/* End XCRemoteSwiftPackageReference section */

/* Begin XCSwiftPackageProductDependency section */
		72ACE0AB2C08E50E00D30027 /* Alamofire */ = {
			isa = XCSwiftPackageProductDependency;
			package = 72ACE0AA2C08E50E00D30027 /* XCRemoteSwiftPackageReference "Alamofire" */;
			productName = Alamofire;
		};
/* End XCSwiftPackageProductDependency section */
	};
	rootObject = 7230DD4B2C08CA9500529868 /* Project object */;
}
